// !$*UTF8*$!
{
	archiveVersion = 1;
	classes = {
	};
	objectVersion = 55;
	objects = {

/* Begin PBXBuildFile section */
		2032EF1D28002CA0005E32D5 /* CollectionViewTableViewCell.swift in Sources */ = {isa = PBXBuildFile; fileRef = 2032EF1C28002CA0005E32D5 /* CollectionViewTableViewCell.swift */; };
		2032EF1F28002CD0005E32D5 /* Constants.swift in Sources */ = {isa = PBXBuildFile; fileRef = 2032EF1E28002CD0005E32D5 /* Constants.swift */; };
		207994942800BA9F0008C8BB /* NetworkManager.swift in Sources */ = {isa = PBXBuildFile; fileRef = 207994932800BA9F0008C8BB /* NetworkManager.swift */; };
		207994962800BC900008C8BB /* JSONResponse.swift in Sources */ = {isa = PBXBuildFile; fileRef = 207994952800BC900008C8BB /* JSONResponse.swift */; };
		207994982801B96C0008C8BB /* Extensions.swift in Sources */ = {isa = PBXBuildFile; fileRef = 207994972801B96C0008C8BB /* Extensions.swift */; };
		2079949C2801D2CF0008C8BB /* MediaCollectionViewCell.swift in Sources */ = {isa = PBXBuildFile; fileRef = 2079949B2801D2CF0008C8BB /* MediaCollectionViewCell.swift */; };
		2079949F2801D8F30008C8BB /* Kingfisher in Frameworks */ = {isa = PBXBuildFile; productRef = 2079949E2801D8F30008C8BB /* Kingfisher */; };
		207994A12802D1F90008C8BB /* UpcomingTableViewCell.swift in Sources */ = {isa = PBXBuildFile; fileRef = 207994A02802D1F90008C8BB /* UpcomingTableViewCell.swift */; };
		20B1571A28003D9D00321858 /* HeaderView.swift in Sources */ = {isa = PBXBuildFile; fileRef = 20B1571928003D9D00321858 /* HeaderView.swift */; };
		20B198D128042A7F00835E21 /* UpcomingModel.swift in Sources */ = {isa = PBXBuildFile; fileRef = 20B198D028042A7F00835E21 /* UpcomingModel.swift */; };
		20F49C632800229900C8FC1F /* AppDelegate.swift in Sources */ = {isa = PBXBuildFile; fileRef = 20F49C622800229900C8FC1F /* AppDelegate.swift */; };
		20F49C652800229900C8FC1F /* SceneDelegate.swift in Sources */ = {isa = PBXBuildFile; fileRef = 20F49C642800229900C8FC1F /* SceneDelegate.swift */; };
		20F49C672800229900C8FC1F /* TabBarViewController.swift in Sources */ = {isa = PBXBuildFile; fileRef = 20F49C662800229900C8FC1F /* TabBarViewController.swift */; };
		20F49C6C280022A500C8FC1F /* Assets.xcassets in Resources */ = {isa = PBXBuildFile; fileRef = 20F49C6B280022A500C8FC1F /* Assets.xcassets */; };
		20F49C6F280022A500C8FC1F /* LaunchScreen.storyboard in Resources */ = {isa = PBXBuildFile; fileRef = 20F49C6D280022A500C8FC1F /* LaunchScreen.storyboard */; };
		20F49C782800251D00C8FC1F /* HomeViewController.swift in Sources */ = {isa = PBXBuildFile; fileRef = 20F49C772800251D00C8FC1F /* HomeViewController.swift */; };
		20F49C7A2800254300C8FC1F /* UpcomingViewController.swift in Sources */ = {isa = PBXBuildFile; fileRef = 20F49C792800254300C8FC1F /* UpcomingViewController.swift */; };
		20F49C7C2800255800C8FC1F /* SearchViewController.swift in Sources */ = {isa = PBXBuildFile; fileRef = 20F49C7B2800255800C8FC1F /* SearchViewController.swift */; };
		20F49C7E2800257100C8FC1F /* DownloadsViewController.swift in Sources */ = {isa = PBXBuildFile; fileRef = 20F49C7D2800257100C8FC1F /* DownloadsViewController.swift */; };
/* End PBXBuildFile section */

/* Begin PBXFileReference section */
		2032EF1C28002CA0005E32D5 /* CollectionViewTableViewCell.swift */ = {isa = PBXFileReference; lastKnownFileType = sourcecode.swift; path = CollectionViewTableViewCell.swift; sourceTree = "<group>"; };
		2032EF1E28002CD0005E32D5 /* Constants.swift */ = {isa = PBXFileReference; lastKnownFileType = sourcecode.swift; path = Constants.swift; sourceTree = "<group>"; };
		207994932800BA9F0008C8BB /* NetworkManager.swift */ = {isa = PBXFileReference; lastKnownFileType = sourcecode.swift; path = NetworkManager.swift; sourceTree = "<group>"; };
		207994952800BC900008C8BB /* JSONResponse.swift */ = {isa = PBXFileReference; lastKnownFileType = sourcecode.swift; path = JSONResponse.swift; sourceTree = "<group>"; };
		207994972801B96C0008C8BB /* Extensions.swift */ = {isa = PBXFileReference; lastKnownFileType = sourcecode.swift; path = Extensions.swift; sourceTree = "<group>"; };
		2079949B2801D2CF0008C8BB /* MediaCollectionViewCell.swift */ = {isa = PBXFileReference; lastKnownFileType = sourcecode.swift; path = MediaCollectionViewCell.swift; sourceTree = "<group>"; };
		207994A02802D1F90008C8BB /* UpcomingTableViewCell.swift */ = {isa = PBXFileReference; lastKnownFileType = sourcecode.swift; path = UpcomingTableViewCell.swift; sourceTree = "<group>"; };
		20B1571928003D9D00321858 /* HeaderView.swift */ = {isa = PBXFileReference; lastKnownFileType = sourcecode.swift; path = HeaderView.swift; sourceTree = "<group>"; };
		20B198D028042A7F00835E21 /* UpcomingModel.swift */ = {isa = PBXFileReference; lastKnownFileType = sourcecode.swift; path = UpcomingModel.swift; sourceTree = "<group>"; };
		20F49C5F2800229900C8FC1F /* Nutlix.app */ = {isa = PBXFileReference; explicitFileType = wrapper.application; includeInIndex = 0; path = Nutlix.app; sourceTree = BUILT_PRODUCTS_DIR; };
		20F49C622800229900C8FC1F /* AppDelegate.swift */ = {isa = PBXFileReference; lastKnownFileType = sourcecode.swift; path = AppDelegate.swift; sourceTree = "<group>"; };
		20F49C642800229900C8FC1F /* SceneDelegate.swift */ = {isa = PBXFileReference; lastKnownFileType = sourcecode.swift; path = SceneDelegate.swift; sourceTree = "<group>"; };
		20F49C662800229900C8FC1F /* TabBarViewController.swift */ = {isa = PBXFileReference; lastKnownFileType = sourcecode.swift; path = TabBarViewController.swift; sourceTree = "<group>"; };
		20F49C6B280022A500C8FC1F /* Assets.xcassets */ = {isa = PBXFileReference; lastKnownFileType = folder.assetcatalog; path = Assets.xcassets; sourceTree = "<group>"; };
		20F49C6E280022A500C8FC1F /* Base */ = {isa = PBXFileReference; lastKnownFileType = file.storyboard; name = Base; path = Base.lproj/LaunchScreen.storyboard; sourceTree = "<group>"; };
		20F49C70280022A500C8FC1F /* Info.plist */ = {isa = PBXFileReference; lastKnownFileType = text.plist.xml; path = Info.plist; sourceTree = "<group>"; };
		20F49C772800251D00C8FC1F /* HomeViewController.swift */ = {isa = PBXFileReference; lastKnownFileType = sourcecode.swift; path = HomeViewController.swift; sourceTree = "<group>"; };
		20F49C792800254300C8FC1F /* UpcomingViewController.swift */ = {isa = PBXFileReference; lastKnownFileType = sourcecode.swift; path = UpcomingViewController.swift; sourceTree = "<group>"; };
		20F49C7B2800255800C8FC1F /* SearchViewController.swift */ = {isa = PBXFileReference; lastKnownFileType = sourcecode.swift; path = SearchViewController.swift; sourceTree = "<group>"; };
		20F49C7D2800257100C8FC1F /* DownloadsViewController.swift */ = {isa = PBXFileReference; lastKnownFileType = sourcecode.swift; path = DownloadsViewController.swift; sourceTree = "<group>"; };
/* End PBXFileReference section */

/* Begin PBXFrameworksBuildPhase section */
		20F49C5C2800229900C8FC1F /* Frameworks */ = {
			isa = PBXFrameworksBuildPhase;
			buildActionMask = 2147483647;
			files = (
				2079949F2801D8F30008C8BB /* Kingfisher in Frameworks */,
			);
			runOnlyForDeploymentPostprocessing = 0;
		};
/* End PBXFrameworksBuildPhase section */

/* Begin PBXGroup section */
		2032EF1728002B51005E32D5 /* Views */ = {
			isa = PBXGroup;
			children = (
				2032EF1C28002CA0005E32D5 /* CollectionViewTableViewCell.swift */,
				2079949B2801D2CF0008C8BB /* MediaCollectionViewCell.swift */,
				20B1571928003D9D00321858 /* HeaderView.swift */,
				207994A02802D1F90008C8BB /* UpcomingTableViewCell.swift */,
			);
			path = Views;
			sourceTree = "<group>";
		};
		2032EF1828002B5C005E32D5 /* ViewModels */ = {
			isa = PBXGroup;
			children = (
			);
			path = ViewModels;
			sourceTree = "<group>";
		};
		2032EF1928002B64005E32D5 /* Models */ = {
			isa = PBXGroup;
			children = (
				207994952800BC900008C8BB /* JSONResponse.swift */,
				20B198D028042A7F00835E21 /* UpcomingModel.swift */,
			);
			path = Models;
			sourceTree = "<group>";
		};
		2032EF1A28002BA0005E32D5 /* Resources */ = {
			isa = PBXGroup;
			children = (
				207994972801B96C0008C8BB /* Extensions.swift */,
			);
			path = Resources;
			sourceTree = "<group>";
		};
		2032EF1B28002BAA005E32D5 /* Managers */ = {
			isa = PBXGroup;
			children = (
				207994932800BA9F0008C8BB /* NetworkManager.swift */,
			);
			path = Managers;
			sourceTree = "<group>";
		};
		20F49C562800229900C8FC1F = {
			isa = PBXGroup;
			children = (
				20F49C612800229900C8FC1F /* Nutlix */,
				20F49C602800229900C8FC1F /* Products */,
			);
			sourceTree = "<group>";
		};
		20F49C602800229900C8FC1F /* Products */ = {
			isa = PBXGroup;
			children = (
				20F49C5F2800229900C8FC1F /* Nutlix.app */,
			);
			name = Products;
			sourceTree = "<group>";
		};
		20F49C612800229900C8FC1F /* Nutlix */ = {
			isa = PBXGroup;
			children = (
				2032EF1B28002BAA005E32D5 /* Managers */,
				2032EF1A28002BA0005E32D5 /* Resources */,
				2032EF1928002B64005E32D5 /* Models */,
				2032EF1828002B5C005E32D5 /* ViewModels */,
				2032EF1728002B51005E32D5 /* Views */,
				20F49C76280024F700C8FC1F /* Contlrollers */,
				20F49C642800229900C8FC1F /* SceneDelegate.swift */,
				20F49C622800229900C8FC1F /* AppDelegate.swift */,
				20F49C662800229900C8FC1F /* TabBarViewController.swift */,
				20F49C6B280022A500C8FC1F /* Assets.xcassets */,
				20F49C6D280022A500C8FC1F /* LaunchScreen.storyboard */,
				20F49C70280022A500C8FC1F /* Info.plist */,
				2032EF1E28002CD0005E32D5 /* Constants.swift */,
			);
			path = Nutlix;
			sourceTree = "<group>";
		};
		20F49C76280024F700C8FC1F /* Contlrollers */ = {
			isa = PBXGroup;
			children = (
				20F49C772800251D00C8FC1F /* HomeViewController.swift */,
				20F49C792800254300C8FC1F /* UpcomingViewController.swift */,
				20F49C7B2800255800C8FC1F /* SearchViewController.swift */,
				20F49C7D2800257100C8FC1F /* DownloadsViewController.swift */,
			);
			path = Contlrollers;
			sourceTree = "<group>";
		};
/* End PBXGroup section */

/* Begin PBXNativeTarget section */
		20F49C5E2800229900C8FC1F /* Nutlix */ = {
			isa = PBXNativeTarget;
			buildConfigurationList = 20F49C73280022A500C8FC1F /* Build configuration list for PBXNativeTarget "Nutlix" */;
			buildPhases = (
				20F49C5B2800229900C8FC1F /* Sources */,
				20F49C5C2800229900C8FC1F /* Frameworks */,
				20F49C5D2800229900C8FC1F /* Resources */,
			);
			buildRules = (
			);
			dependencies = (
			);
			name = Nutlix;
			packageProductDependencies = (
				2079949E2801D8F30008C8BB /* Kingfisher */,
			);
			productName = Nutlix;
			productReference = 20F49C5F2800229900C8FC1F /* Nutlix.app */;
			productType = "com.apple.product-type.application";
		};
/* End PBXNativeTarget section */

/* Begin PBXProject section */
		20F49C572800229900C8FC1F /* Project object */ = {
			isa = PBXProject;
			attributes = {
				BuildIndependentTargetsInParallel = 1;
				LastSwiftUpdateCheck = 1330;
				LastUpgradeCheck = 1330;
				TargetAttributes = {
					20F49C5E2800229900C8FC1F = {
						CreatedOnToolsVersion = 13.3;
					};
				};
			};
			buildConfigurationList = 20F49C5A2800229900C8FC1F /* Build configuration list for PBXProject "Nutlix" */;
			compatibilityVersion = "Xcode 13.0";
			developmentRegion = en;
			hasScannedForEncodings = 0;
			knownRegions = (
				en,
				Base,
			);
			mainGroup = 20F49C562800229900C8FC1F;
			packageReferences = (
				2079949D2801D8F30008C8BB /* XCRemoteSwiftPackageReference "Kingfisher" */,
			);
			productRefGroup = 20F49C602800229900C8FC1F /* Products */;
			projectDirPath = "";
			projectRoot = "";
			targets = (
				20F49C5E2800229900C8FC1F /* Nutlix */,
			);
		};
/* End PBXProject section */

/* Begin PBXResourcesBuildPhase section */
		20F49C5D2800229900C8FC1F /* Resources */ = {
			isa = PBXResourcesBuildPhase;
			buildActionMask = 2147483647;
			files = (
				20F49C6F280022A500C8FC1F /* LaunchScreen.storyboard in Resources */,
				20F49C6C280022A500C8FC1F /* Assets.xcassets in Resources */,
			);
			runOnlyForDeploymentPostprocessing = 0;
		};
/* End PBXResourcesBuildPhase section */

/* Begin PBXSourcesBuildPhase section */
		20F49C5B2800229900C8FC1F /* Sources */ = {
			isa = PBXSourcesBuildPhase;
			buildActionMask = 2147483647;
			files = (
				20F49C7C2800255800C8FC1F /* SearchViewController.swift in Sources */,
				20B198D128042A7F00835E21 /* UpcomingModel.swift in Sources */,
				20F49C672800229900C8FC1F /* TabBarViewController.swift in Sources */,
				2032EF1D28002CA0005E32D5 /* CollectionViewTableViewCell.swift in Sources */,
				20F49C7E2800257100C8FC1F /* DownloadsViewController.swift in Sources */,
				207994942800BA9F0008C8BB /* NetworkManager.swift in Sources */,
				207994962800BC900008C8BB /* JSONResponse.swift in Sources */,
				207994A12802D1F90008C8BB /* UpcomingTableViewCell.swift in Sources */,
				20F49C632800229900C8FC1F /* AppDelegate.swift in Sources */,
				20B1571A28003D9D00321858 /* HeaderView.swift in Sources */,
				207994982801B96C0008C8BB /* Extensions.swift in Sources */,
				2079949C2801D2CF0008C8BB /* MediaCollectionViewCell.swift in Sources */,
				20F49C652800229900C8FC1F /* SceneDelegate.swift in Sources */,
				20F49C7A2800254300C8FC1F /* UpcomingViewController.swift in Sources */,
				20F49C782800251D00C8FC1F /* HomeViewController.swift in Sources */,
				2032EF1F28002CD0005E32D5 /* Constants.swift in Sources */,
			);
			runOnlyForDeploymentPostprocessing = 0;
		};
/* End PBXSourcesBuildPhase section */

/* Begin PBXVariantGroup section */
		20F49C6D280022A500C8FC1F /* LaunchScreen.storyboard */ = {
			isa = PBXVariantGroup;
			children = (
				20F49C6E280022A500C8FC1F /* Base */,
			);
			name = LaunchScreen.storyboard;
			sourceTree = "<group>";
		};
/* End PBXVariantGroup section */

/* Begin XCBuildConfiguration section */
		20F49C71280022A500C8FC1F /* Debug */ = {
			isa = XCBuildConfiguration;
			buildSettings = {
				ALWAYS_SEARCH_USER_PATHS = NO;
				CLANG_ANALYZER_NONNULL = YES;
				CLANG_ANALYZER_NUMBER_OBJECT_CONVERSION = YES_AGGRESSIVE;
				CLANG_CXX_LANGUAGE_STANDARD = "gnu++17";
				CLANG_ENABLE_MODULES = YES;
				CLANG_ENABLE_OBJC_ARC = YES;
				CLANG_ENABLE_OBJC_WEAK = YES;
				CLANG_WARN_BLOCK_CAPTURE_AUTORELEASING = YES;
				CLANG_WARN_BOOL_CONVERSION = YES;
				CLANG_WARN_COMMA = YES;
				CLANG_WARN_CONSTANT_CONVERSION = YES;
				CLANG_WARN_DEPRECATED_OBJC_IMPLEMENTATIONS = YES;
				CLANG_WARN_DIRECT_OBJC_ISA_USAGE = YES_ERROR;
				CLANG_WARN_DOCUMENTATION_COMMENTS = YES;
				CLANG_WARN_EMPTY_BODY = YES;
				CLANG_WARN_ENUM_CONVERSION = YES;
				CLANG_WARN_INFINITE_RECURSION = YES;
				CLANG_WARN_INT_CONVERSION = YES;
				CLANG_WARN_NON_LITERAL_NULL_CONVERSION = YES;
				CLANG_WARN_OBJC_IMPLICIT_RETAIN_SELF = YES;
				CLANG_WARN_OBJC_LITERAL_CONVERSION = YES;
				CLANG_WARN_OBJC_ROOT_CLASS = YES_ERROR;
				CLANG_WARN_QUOTED_INCLUDE_IN_FRAMEWORK_HEADER = YES;
				CLANG_WARN_RANGE_LOOP_ANALYSIS = YES;
				CLANG_WARN_STRICT_PROTOTYPES = YES;
				CLANG_WARN_SUSPICIOUS_MOVE = YES;
				CLANG_WARN_UNGUARDED_AVAILABILITY = YES_AGGRESSIVE;
				CLANG_WARN_UNREACHABLE_CODE = YES;
				CLANG_WARN__DUPLICATE_METHOD_MATCH = YES;
				COPY_PHASE_STRIP = NO;
				DEBUG_INFORMATION_FORMAT = dwarf;
				ENABLE_STRICT_OBJC_MSGSEND = YES;
				ENABLE_TESTABILITY = YES;
				GCC_C_LANGUAGE_STANDARD = gnu11;
				GCC_DYNAMIC_NO_PIC = NO;
				GCC_NO_COMMON_BLOCKS = YES;
				GCC_OPTIMIZATION_LEVEL = 0;
				GCC_PREPROCESSOR_DEFINITIONS = (
					"DEBUG=1",
					"$(inherited)",
				);
				GCC_WARN_64_TO_32_BIT_CONVERSION = YES;
				GCC_WARN_ABOUT_RETURN_TYPE = YES_ERROR;
				GCC_WARN_UNDECLARED_SELECTOR = YES;
				GCC_WARN_UNINITIALIZED_AUTOS = YES_AGGRESSIVE;
				GCC_WARN_UNUSED_FUNCTION = YES;
				GCC_WARN_UNUSED_VARIABLE = YES;
				IPHONEOS_DEPLOYMENT_TARGET = 15.4;
				MTL_ENABLE_DEBUG_INFO = INCLUDE_SOURCE;
				MTL_FAST_MATH = YES;
				ONLY_ACTIVE_ARCH = YES;
				SDKROOT = iphoneos;
				SWIFT_ACTIVE_COMPILATION_CONDITIONS = DEBUG;
				SWIFT_OPTIMIZATION_LEVEL = "-Onone";
			};
			name = Debug;
		};
		20F49C72280022A500C8FC1F /* Release */ = {
			isa = XCBuildConfiguration;
			buildSettings = {
				ALWAYS_SEARCH_USER_PATHS = NO;
				CLANG_ANALYZER_NONNULL = YES;
				CLANG_ANALYZER_NUMBER_OBJECT_CONVERSION = YES_AGGRESSIVE;
				CLANG_CXX_LANGUAGE_STANDARD = "gnu++17";
				CLANG_ENABLE_MODULES = YES;
				CLANG_ENABLE_OBJC_ARC = YES;
				CLANG_ENABLE_OBJC_WEAK = YES;
				CLANG_WARN_BLOCK_CAPTURE_AUTORELEASING = YES;
				CLANG_WARN_BOOL_CONVERSION = YES;
				CLANG_WARN_COMMA = YES;
				CLANG_WARN_CONSTANT_CONVERSION = YES;
				CLANG_WARN_DEPRECATED_OBJC_IMPLEMENTATIONS = YES;
				CLANG_WARN_DIRECT_OBJC_ISA_USAGE = YES_ERROR;
				CLANG_WARN_DOCUMENTATION_COMMENTS = YES;
				CLANG_WARN_EMPTY_BODY = YES;
				CLANG_WARN_ENUM_CONVERSION = YES;
				CLANG_WARN_INFINITE_RECURSION = YES;
				CLANG_WARN_INT_CONVERSION = YES;
				CLANG_WARN_NON_LITERAL_NULL_CONVERSION = YES;
				CLANG_WARN_OBJC_IMPLICIT_RETAIN_SELF = YES;
				CLANG_WARN_OBJC_LITERAL_CONVERSION = YES;
				CLANG_WARN_OBJC_ROOT_CLASS = YES_ERROR;
				CLANG_WARN_QUOTED_INCLUDE_IN_FRAMEWORK_HEADER = YES;
				CLANG_WARN_RANGE_LOOP_ANALYSIS = YES;
				CLANG_WARN_STRICT_PROTOTYPES = YES;
				CLANG_WARN_SUSPICIOUS_MOVE = YES;
				CLANG_WARN_UNGUARDED_AVAILABILITY = YES_AGGRESSIVE;
				CLANG_WARN_UNREACHABLE_CODE = YES;
				CLANG_WARN__DUPLICATE_METHOD_MATCH = YES;
				COPY_PHASE_STRIP = NO;
				DEBUG_INFORMATION_FORMAT = "dwarf-with-dsym";
				ENABLE_NS_ASSERTIONS = NO;
				ENABLE_STRICT_OBJC_MSGSEND = YES;
				GCC_C_LANGUAGE_STANDARD = gnu11;
				GCC_NO_COMMON_BLOCKS = YES;
				GCC_WARN_64_TO_32_BIT_CONVERSION = YES;
				GCC_WARN_ABOUT_RETURN_TYPE = YES_ERROR;
				GCC_WARN_UNDECLARED_SELECTOR = YES;
				GCC_WARN_UNINITIALIZED_AUTOS = YES_AGGRESSIVE;
				GCC_WARN_UNUSED_FUNCTION = YES;
				GCC_WARN_UNUSED_VARIABLE = YES;
				IPHONEOS_DEPLOYMENT_TARGET = 15.4;
				MTL_ENABLE_DEBUG_INFO = NO;
				MTL_FAST_MATH = YES;
				SDKROOT = iphoneos;
				SWIFT_COMPILATION_MODE = wholemodule;
				SWIFT_OPTIMIZATION_LEVEL = "-O";
				VALIDATE_PRODUCT = YES;
			};
			name = Release;
		};
		20F49C74280022A500C8FC1F /* Debug */ = {
			isa = XCBuildConfiguration;
			buildSettings = {
				ASSETCATALOG_COMPILER_APPICON_NAME = AppIcon;
				ASSETCATALOG_COMPILER_GLOBAL_ACCENT_COLOR_NAME = AccentColor;
				CODE_SIGN_STYLE = Automatic;
				CURRENT_PROJECT_VERSION = 1;
				DEVELOPMENT_TEAM = HPFL4V5BSY;
				GENERATE_INFOPLIST_FILE = YES;
				INFOPLIST_FILE = Nutlix/Info.plist;
				INFOPLIST_KEY_UIApplicationSupportsIndirectInputEvents = YES;
				INFOPLIST_KEY_UILaunchStoryboardName = LaunchScreen;
				INFOPLIST_KEY_UISupportedInterfaceOrientations_iPad = "UIInterfaceOrientationPortrait UIInterfaceOrientationPortraitUpsideDown UIInterfaceOrientationLandscapeLeft UIInterfaceOrientationLandscapeRight";
				INFOPLIST_KEY_UISupportedInterfaceOrientations_iPhone = "UIInterfaceOrientationPortrait UIInterfaceOrientationLandscapeLeft UIInterfaceOrientationLandscapeRight";
				LD_RUNPATH_SEARCH_PATHS = (
					"$(inherited)",
					"@executable_path/Frameworks",
				);
				MARKETING_VERSION = 1.0;
				PRODUCT_BUNDLE_IDENTIFIER = com.Beugene.Nutlix;
				PRODUCT_NAME = "$(TARGET_NAME)";
				SWIFT_EMIT_LOC_STRINGS = YES;
				SWIFT_VERSION = 5.0;
				TARGETED_DEVICE_FAMILY = "1,2";
			};
			name = Debug;
		};
		20F49C75280022A500C8FC1F /* Release */ = {
			isa = XCBuildConfiguration;
			buildSettings = {
				ASSETCATALOG_COMPILER_APPICON_NAME = AppIcon;
				ASSETCATALOG_COMPILER_GLOBAL_ACCENT_COLOR_NAME = AccentColor;
				CODE_SIGN_STYLE = Automatic;
				CURRENT_PROJECT_VERSION = 1;
				DEVELOPMENT_TEAM = HPFL4V5BSY;
				GENERATE_INFOPLIST_FILE = YES;
				INFOPLIST_FILE = Nutlix/Info.plist;
				INFOPLIST_KEY_UIApplicationSupportsIndirectInputEvents = YES;
				INFOPLIST_KEY_UILaunchStoryboardName = LaunchScreen;
				INFOPLIST_KEY_UISupportedInterfaceOrientations_iPad = "UIInterfaceOrientationPortrait UIInterfaceOrientationPortraitUpsideDown UIInterfaceOrientationLandscapeLeft UIInterfaceOrientationLandscapeRight";
				INFOPLIST_KEY_UISupportedInterfaceOrientations_iPhone = "UIInterfaceOrientationPortrait UIInterfaceOrientationLandscapeLeft UIInterfaceOrientationLandscapeRight";
				LD_RUNPATH_SEARCH_PATHS = (
					"$(inherited)",
					"@executable_path/Frameworks",
				);
				MARKETING_VERSION = 1.0;
				PRODUCT_BUNDLE_IDENTIFIER = com.Beugene.Nutlix;
				PRODUCT_NAME = "$(TARGET_NAME)";
				SWIFT_EMIT_LOC_STRINGS = YES;
				SWIFT_VERSION = 5.0;
				TARGETED_DEVICE_FAMILY = "1,2";
			};
			name = Release;
		};
/* End XCBuildConfiguration section */

/* Begin XCConfigurationList section */
		20F49C5A2800229900C8FC1F /* Build configuration list for PBXProject "Nutlix" */ = {
			isa = XCConfigurationList;
			buildConfigurations = (
				20F49C71280022A500C8FC1F /* Debug */,
				20F49C72280022A500C8FC1F /* Release */,
			);
			defaultConfigurationIsVisible = 0;
			defaultConfigurationName = Release;
		};
		20F49C73280022A500C8FC1F /* Build configuration list for PBXNativeTarget "Nutlix" */ = {
			isa = XCConfigurationList;
			buildConfigurations = (
				20F49C74280022A500C8FC1F /* Debug */,
				20F49C75280022A500C8FC1F /* Release */,
			);
			defaultConfigurationIsVisible = 0;
			defaultConfigurationName = Release;
		};
/* End XCConfigurationList section */

/* Begin XCRemoteSwiftPackageReference section */
		2079949D2801D8F30008C8BB /* XCRemoteSwiftPackageReference "Kingfisher" */ = {
			isa = XCRemoteSwiftPackageReference;
			repositoryURL = "https://github.com/onevcat/Kingfisher.git";
			requirement = {
				branch = master;
				kind = branch;
			};
		};
/* End XCRemoteSwiftPackageReference section */

/* Begin XCSwiftPackageProductDependency section */
		2079949E2801D8F30008C8BB /* Kingfisher */ = {
			isa = XCSwiftPackageProductDependency;
			package = 2079949D2801D8F30008C8BB /* XCRemoteSwiftPackageReference "Kingfisher" */;
			productName = Kingfisher;
		};
/* End XCSwiftPackageProductDependency section */
	};
	rootObject = 20F49C572800229900C8FC1F /* Project object */;
}
